{
  "name": "Zeta",
  "lockfileVersion": 2,
  "requires": true,
  "packages": {
    "": {
      "dependencies": {
        "dotenv": "^16.0.1",
        "dotenv-defaults": "^5.0.2"
      },
      "devDependencies": {
        "@playwright/test": "^1.23.1"
      }
    },
    "node_modules/@playwright/test": {
      "version": "1.23.1",
      "resolved": "https://registry.npmjs.org/@playwright/test/-/test-1.23.1.tgz",
      "integrity": "sha512-dKplLPSYPZgnsBk1xxOophhpx3ZVg8DveoNJgLPe096lDCfmaIIreLsYF+4hqzy3PG61IP+aEnG5VAOjC3bhbA==",
      "dev": true,
      "dependencies": {
        "@types/node": "*",
        "playwright-core": "1.23.1"
      },
      "bin": {
        "playwright": "cli.js"
      },
      "engines": {
        "node": ">=14"
      }
    },
    "node_modules/@types/node": {
      "version": "18.0.3",
      "resolved": "https://registry.npmjs.org/@types/node/-/node-18.0.3.tgz",
      "integrity": "sha512-HzNRZtp4eepNitP+BD6k2L6DROIDG4Q0fm4x+dwfsr6LGmROENnok75VGw40628xf+iR24WeMFcHuuBDUAzzsQ==",
      "dev": true
    },
    "node_modules/dotenv": {
      "version": "16.0.1",
      "resolved": "https://registry.npmjs.org/dotenv/-/dotenv-16.0.1.tgz",
      "integrity": "sha512-1K6hR6wtk2FviQ4kEiSjFiH5rpzEVi8WW0x96aztHVMhEspNpc4DVOUTEHtEva5VThQ8IaBX1Pe4gSzpVVUsKQ==",
      "engines": {
        "node": ">=12"
      }
    },
    "node_modules/dotenv-defaults": {
      "version": "5.0.2",
      "resolved": "https://registry.npmjs.org/dotenv-defaults/-/dotenv-defaults-5.0.2.tgz",
      "integrity": "sha512-y5z4NhblzwNk8XBIYVzjLcFkANK0rxbRDO6kGOfH9QrVYIGVEX52IqwSprKVsaLHM9pnNkCSxazZF/JPydDPvA==",
      "dependencies": {
        "dotenv": "^14.0.0"
      }
    },
    "node_modules/dotenv-defaults/node_modules/dotenv": {
      "version": "14.3.2",
      "resolved": "https://registry.npmjs.org/dotenv/-/dotenv-14.3.2.tgz",
      "integrity": "sha512-vwEppIphpFdvaMCaHfCEv9IgwcxMljMw2TnAQBB4VWPvzXQLTb82jwmdOKzlEVUL3gNFT4l4TPKO+Bn+sqcrVQ==",
      "engines": {
        "node": ">=12"
      }
    },
    "node_modules/playwright-core": {
      "version": "1.23.1",
      "resolved": "https://registry.npmjs.org/playwright-core/-/playwright-core-1.23.1.tgz",
      "integrity": "sha512-9CXsE0gawph4KXl6oUaa0ehHRySZjHvly4TybcBXDvzK3N3o6L/eZ8Q6iVWUiMn0LLS5bRFxo1qEtOETlYJxjw==",
      "dev": true,
      "bin": {
        "playwright": "cli.js"
      },
      "engines": {
        "node": ">=14"
      }
    }
  },
  "dependencies": {
    "@playwright/test": {
      "version": "1.23.1",
      "resolved": "https://registry.npmjs.org/@playwright/test/-/test-1.23.1.tgz",
      "integrity": "sha512-dKplLPSYPZgnsBk1xxOophhpx3ZVg8DveoNJgLPe096lDCfmaIIreLsYF+4hqzy3PG61IP+aEnG5VAOjC3bhbA==",
      "dev": true,
      "requires": {
        "@types/node": "*",
        "playwright-core": "1.23.1"
      }
    },
    "@types/node": {
      "version": "18.0.3",
      "resolved": "https://registry.npmjs.org/@types/node/-/node-18.0.3.tgz",
      "integrity": "sha512-HzNRZtp4eepNitP+BD6k2L6DROIDG4Q0fm4x+dwfsr6LGmROENnok75VGw40628xf+iR24WeMFcHuuBDUAzzsQ==",
      "dev": true
    },
    "dotenv": {
      "version": "16.0.1",
      "resolved": "https://registry.npmjs.org/dotenv/-/dotenv-16.0.1.tgz",
      "integrity": "sha512-1K6hR6wtk2FviQ4kEiSjFiH5rpzEVi8WW0x96aztHVMhEspNpc4DVOUTEHtEva5VThQ8IaBX1Pe4gSzpVVUsKQ=="
    },
    "dotenv-defaults": {
      "version": "5.0.2",
      "resolved": "https://registry.npmjs.org/dotenv-defaults/-/dotenv-defaults-5.0.2.tgz",
      "integrity": "sha512-y5z4NhblzwNk8XBIYVzjLcFkANK0rxbRDO6kGOfH9QrVYIGVEX52IqwSprKVsaLHM9pnNkCSxazZF/JPydDPvA==",
      "requires": {
        "dotenv": "^14.0.0"
      },
      "dependencies": {
        "dotenv": {
          "version": "14.3.2",
          "resolved": "https://registry.npmjs.org/dotenv/-/dotenv-14.3.2.tgz",
          "integrity": "sha512-vwEppIphpFdvaMCaHfCEv9IgwcxMljMw2TnAQBB4VWPvzXQLTb82jwmdOKzlEVUL3gNFT4l4TPKO+Bn+sqcrVQ=="
        }
      }
    },
    "playwright-core": {
      "version": "1.23.1",
      "resolved": "https://registry.npmjs.org/playwright-core/-/playwright-core-1.23.1.tgz",
      "integrity": "sha512-9CXsE0gawph4KXl6oUaa0ehHRySZjHvly4TybcBXDvzK3N3o6L/eZ8Q6iVWUiMn0LLS5bRFxo1qEtOETlYJxjw==",
      "dev": true
    }
  }
}
