{
  "name": "zeta",
  "lockfileVersion": 2,
  "requires": true,
  "packages": {
    "": {
      "dependencies": {
        "colors": "^1.4.0",
        "dotenv": "^16.0.1",
        "dotenv-defaults": "^5.0.2",
        "path": "^0.12.7"
      },
      "devDependencies": {
        "@playwright/test": "^1.23.2"
      }
    },
    "node_modules/@playwright/test": {
      "version": "1.23.2",
      "resolved": "https://registry.npmjs.org/@playwright/test/-/test-1.23.2.tgz",
      "integrity": "sha512-umaEAIwQGfbezixg3raSOraqbQGSqZP988sOaMdpA2wj3Dr6ykOscrMukyK3U6edxhpS0N8kguAFZoHwCEfTig==",
      "dev": true,
      "dependencies": {
        "@types/node": "*",
        "playwright-core": "1.23.2"
      },
      "bin": {
        "playwright": "cli.js"
      },
      "engines": {
        "node": ">=14"
      }
    },
    "node_modules/@types/node": {
      "version": "18.0.3",
      "resolved": "https://registry.npmjs.org/@types/node/-/node-18.0.3.tgz",
      "integrity": "sha512-HzNRZtp4eepNitP+BD6k2L6DROIDG4Q0fm4x+dwfsr6LGmROENnok75VGw40628xf+iR24WeMFcHuuBDUAzzsQ==",
      "dev": true
    },
    "node_modules/colors": {
      "version": "1.4.0",
      "resolved": "https://registry.npmjs.org/colors/-/colors-1.4.0.tgz",
      "integrity": "sha512-a+UqTh4kgZg/SlGvfbzDHpgRu7AAQOmmqRHJnxhRZICKFUT91brVhNNt58CMWU9PsBbv3PDCZUHbVxuDiH2mtA==",
      "engines": {
        "node": ">=0.1.90"
      }
    },
    "node_modules/dotenv": {
      "version": "16.0.1",
      "resolved": "https://registry.npmjs.org/dotenv/-/dotenv-16.0.1.tgz",
      "integrity": "sha512-1K6hR6wtk2FviQ4kEiSjFiH5rpzEVi8WW0x96aztHVMhEspNpc4DVOUTEHtEva5VThQ8IaBX1Pe4gSzpVVUsKQ==",
      "engines": {
        "node": ">=12"
      }
    },
    "node_modules/dotenv-defaults": {
      "version": "5.0.2",
      "resolved": "https://registry.npmjs.org/dotenv-defaults/-/dotenv-defaults-5.0.2.tgz",
      "integrity": "sha512-y5z4NhblzwNk8XBIYVzjLcFkANK0rxbRDO6kGOfH9QrVYIGVEX52IqwSprKVsaLHM9pnNkCSxazZF/JPydDPvA==",
      "dependencies": {
        "dotenv": "^14.0.0"
      }
    },
    "node_modules/dotenv-defaults/node_modules/dotenv": {
      "version": "14.3.2",
      "resolved": "https://registry.npmjs.org/dotenv/-/dotenv-14.3.2.tgz",
      "integrity": "sha512-vwEppIphpFdvaMCaHfCEv9IgwcxMljMw2TnAQBB4VWPvzXQLTb82jwmdOKzlEVUL3gNFT4l4TPKO+Bn+sqcrVQ==",
      "engines": {
        "node": ">=12"
      }
    },
    "node_modules/inherits": {
      "version": "2.0.3",
      "resolved": "https://registry.npmjs.org/inherits/-/inherits-2.0.3.tgz",
      "integrity": "sha512-x00IRNXNy63jwGkJmzPigoySHbaqpNuzKbBOmzK+g2OdZpQ9w+sxCN+VSB3ja7IAge2OP2qpfxTjeNcyjmW1uw=="
    },
    "node_modules/path": {
      "version": "0.12.7",
      "resolved": "https://registry.npmjs.org/path/-/path-0.12.7.tgz",
      "integrity": "sha512-aXXC6s+1w7otVF9UletFkFcDsJeO7lSZBPUQhtb5O0xJe8LtYhj/GxldoL09bBj9+ZmE2hNoHqQSFMN5fikh4Q==",
      "dependencies": {
        "process": "^0.11.1",
        "util": "^0.10.3"
      }
    },
    "node_modules/playwright-core": {
      "version": "1.23.2",
      "resolved": "https://registry.npmjs.org/playwright-core/-/playwright-core-1.23.2.tgz",
      "integrity": "sha512-UGbutIr0nBALDHWW/HcXfyK6ZdmefC99Moo4qyTr89VNIkYZuDrW8Sw554FyFUamcFSdKOgDPk6ECSkofGIZjQ==",
      "dev": true,
      "bin": {
        "playwright": "cli.js"
      },
      "engines": {
        "node": ">=14"
      }
    },
    "node_modules/process": {
      "version": "0.11.10",
      "resolved": "https://registry.npmjs.org/process/-/process-0.11.10.tgz",
      "integrity": "sha512-cdGef/drWFoydD1JsMzuFf8100nZl+GT+yacc2bEced5f9Rjk4z+WtFUTBu9PhOi9j/jfmBPu0mMEY4wIdAF8A==",
      "engines": {
        "node": ">= 0.6.0"
      }
    },
    "node_modules/util": {
      "version": "0.10.4",
      "resolved": "https://registry.npmjs.org/util/-/util-0.10.4.tgz",
      "integrity": "sha512-0Pm9hTQ3se5ll1XihRic3FDIku70C+iHUdT/W926rSgHV5QgXsYbKZN8MSC3tJtSkhuROzvsQjAaFENRXr+19A==",
      "dependencies": {
        "inherits": "2.0.3"
      }
    }
  },
  "dependencies": {
    "@playwright/test": {
      "version": "1.23.2",
      "resolved": "https://registry.npmjs.org/@playwright/test/-/test-1.23.2.tgz",
      "integrity": "sha512-umaEAIwQGfbezixg3raSOraqbQGSqZP988sOaMdpA2wj3Dr6ykOscrMukyK3U6edxhpS0N8kguAFZoHwCEfTig==",
      "dev": true,
      "requires": {
        "@types/node": "*",
        "playwright-core": "1.23.2"
      }
    },
    "@types/node": {
      "version": "18.0.3",
      "resolved": "https://registry.npmjs.org/@types/node/-/node-18.0.3.tgz",
      "integrity": "sha512-HzNRZtp4eepNitP+BD6k2L6DROIDG4Q0fm4x+dwfsr6LGmROENnok75VGw40628xf+iR24WeMFcHuuBDUAzzsQ==",
      "dev": true
    },
    "colors": {
      "version": "1.4.0",
      "resolved": "https://registry.npmjs.org/colors/-/colors-1.4.0.tgz",
      "integrity": "sha512-a+UqTh4kgZg/SlGvfbzDHpgRu7AAQOmmqRHJnxhRZICKFUT91brVhNNt58CMWU9PsBbv3PDCZUHbVxuDiH2mtA=="
    },
    "dotenv": {
      "version": "16.0.1",
      "resolved": "https://registry.npmjs.org/dotenv/-/dotenv-16.0.1.tgz",
      "integrity": "sha512-1K6hR6wtk2FviQ4kEiSjFiH5rpzEVi8WW0x96aztHVMhEspNpc4DVOUTEHtEva5VThQ8IaBX1Pe4gSzpVVUsKQ=="
    },
    "dotenv-defaults": {
      "version": "5.0.2",
      "resolved": "https://registry.npmjs.org/dotenv-defaults/-/dotenv-defaults-5.0.2.tgz",
      "integrity": "sha512-y5z4NhblzwNk8XBIYVzjLcFkANK0rxbRDO6kGOfH9QrVYIGVEX52IqwSprKVsaLHM9pnNkCSxazZF/JPydDPvA==",
      "requires": {
        "dotenv": "^14.0.0"
      },
      "dependencies": {
        "dotenv": {
          "version": "14.3.2",
          "resolved": "https://registry.npmjs.org/dotenv/-/dotenv-14.3.2.tgz",
          "integrity": "sha512-vwEppIphpFdvaMCaHfCEv9IgwcxMljMw2TnAQBB4VWPvzXQLTb82jwmdOKzlEVUL3gNFT4l4TPKO+Bn+sqcrVQ=="
        }
      }
    },
    "inherits": {
      "version": "2.0.3",
      "resolved": "https://registry.npmjs.org/inherits/-/inherits-2.0.3.tgz",
      "integrity": "sha512-x00IRNXNy63jwGkJmzPigoySHbaqpNuzKbBOmzK+g2OdZpQ9w+sxCN+VSB3ja7IAge2OP2qpfxTjeNcyjmW1uw=="
    },
    "path": {
      "version": "0.12.7",
      "resolved": "https://registry.npmjs.org/path/-/path-0.12.7.tgz",
      "integrity": "sha512-aXXC6s+1w7otVF9UletFkFcDsJeO7lSZBPUQhtb5O0xJe8LtYhj/GxldoL09bBj9+ZmE2hNoHqQSFMN5fikh4Q==",
      "requires": {
        "process": "^0.11.1",
        "util": "^0.10.3"
      }
    },
    "playwright-core": {
      "version": "1.23.2",
      "resolved": "https://registry.npmjs.org/playwright-core/-/playwright-core-1.23.2.tgz",
      "integrity": "sha512-UGbutIr0nBALDHWW/HcXfyK6ZdmefC99Moo4qyTr89VNIkYZuDrW8Sw554FyFUamcFSdKOgDPk6ECSkofGIZjQ==",
      "dev": true
    },
    "process": {
      "version": "0.11.10",
      "resolved": "https://registry.npmjs.org/process/-/process-0.11.10.tgz",
      "integrity": "sha512-cdGef/drWFoydD1JsMzuFf8100nZl+GT+yacc2bEced5f9Rjk4z+WtFUTBu9PhOi9j/jfmBPu0mMEY4wIdAF8A=="
    },
    "util": {
      "version": "0.10.4",
      "resolved": "https://registry.npmjs.org/util/-/util-0.10.4.tgz",
      "integrity": "sha512-0Pm9hTQ3se5ll1XihRic3FDIku70C+iHUdT/W926rSgHV5QgXsYbKZN8MSC3tJtSkhuROzvsQjAaFENRXr+19A==",
      "requires": {
        "inherits": "2.0.3"
      }
    }
  }
}
